
Microsoft Visual Studio Solution File, Format Version 12.00
# Visual Studio 2013
VisualStudioVersion = 12.0.40629.0
MinimumVisualStudioVersion = 10.0.40219.1
Project("{FAE04EC0-301F-11D3-BF4B-00C04F79EFBC}") = "ActiveCommerce.SitecorePowerShell", "ActiveCommerce.SitecorePowerShell\ActiveCommerce.SitecorePowerShell.csproj", "{587CB746-D024-4745-951F-31AE5E6C8E83}"
EndProject
Project("{CAA73BB0-EF22-4D79-A57E-DF67B3BA9C80}") = "ActiveCommerce.SitecorePowerShell.Sitecore", "ActiveCommerce.SitecorePowerShell.Sitecore\ActiveCommerce.SitecorePowerShell.Sitecore.scproj", "{DC460F1B-7A0D-4E76-86A2-63A5DB984DA8}"
EndProject
Project("{2150E333-8FDC-42A3-9474-1A3956D46DE8}") = "readme", "readme", "{FB17A250-E421-48A2-98B9-66929CCF392B}"
	ProjectSection(SolutionItems) = preProject
		..\README.md = ..\README.md
	EndProjectSection
EndProject
Project("{2150E333-8FDC-42A3-9474-1A3956D46DE8}") = "tds", "tds", "{39D0FD88-DD3B-4029-9D66-6EDC43A0C484}"
	ProjectSection(SolutionItems) = preProject
		TdsGlobal.config = TdsGlobal.config
	EndProjectSection
EndProject
Global
	GlobalSection(SolutionConfigurationPlatforms) = preSolution
		Day1|Any CPU = Day1|Any CPU
		Debug|Any CPU = Debug|Any CPU
		Release|Any CPU = Release|Any CPU
	EndGlobalSection
	GlobalSection(ProjectConfigurationPlatforms) = postSolution
		{587CB746-D024-4745-951F-31AE5E6C8E83}.Day1|Any CPU.ActiveCfg = Debug|Any CPU
		{587CB746-D024-4745-951F-31AE5E6C8E83}.Day1|Any CPU.Build.0 = Debug|Any CPU
		{587CB746-D024-4745-951F-31AE5E6C8E83}.Debug|Any CPU.ActiveCfg = Debug|Any CPU
		{587CB746-D024-4745-951F-31AE5E6C8E83}.Debug|Any CPU.Build.0 = Debug|Any CPU
		{587CB746-D024-4745-951F-31AE5E6C8E83}.Release|Any CPU.ActiveCfg = Release|Any CPU
		{587CB746-D024-4745-951F-31AE5E6C8E83}.Release|Any CPU.Build.0 = Release|Any CPU
		{DC460F1B-7A0D-4E76-86A2-63A5DB984DA8}.Day1|Any CPU.ActiveCfg = Day1|Any CPU
		{DC460F1B-7A0D-4E76-86A2-63A5DB984DA8}.Day1|Any CPU.Build.0 = Day1|Any CPU
		{DC460F1B-7A0D-4E76-86A2-63A5DB984DA8}.Day1|Any CPU.Deploy.0 = Day1|Any CPU
		{DC460F1B-7A0D-4E76-86A2-63A5DB984DA8}.Debug|Any CPU.ActiveCfg = Debug|Any CPU
		{DC460F1B-7A0D-4E76-86A2-63A5DB984DA8}.Debug|Any CPU.Build.0 = Debug|Any CPU
		{DC460F1B-7A0D-4E76-86A2-63A5DB984DA8}.Debug|Any CPU.Deploy.0 = Debug|Any CPU
		{DC460F1B-7A0D-4E76-86A2-63A5DB984DA8}.Release|Any CPU.ActiveCfg = Release|Any CPU
		{DC460F1B-7A0D-4E76-86A2-63A5DB984DA8}.Release|Any CPU.Build.0 = Release|Any CPU
		{DC460F1B-7A0D-4E76-86A2-63A5DB984DA8}.Release|Any CPU.Deploy.0 = Release|Any CPU
	EndGlobalSection
	GlobalSection(SolutionProperties) = preSolution
		HideSolutionNode = FALSE
	EndGlobalSection
EndGlobal
